
Microsoft Visual Studio Solution File, Format Version 12.00
# Visual Studio Version 17
VisualStudioVersion = 17.9.34728.123
MinimumVisualStudioVersion = 10.0.40219.1
Project("{FAE04EC0-301F-11D3-BF4B-00C04F79EFBC}") = "Task5.2", "Task5.2.csproj", "{815F307F-0CA9-4154-B692-E607FBDDA5B5}"
EndProject
Global
	GlobalSection(SolutionConfigurationPlatforms) = preSolution
		Debug|Any CPU = Debug|Any CPU
		Release|Any CPU = Release|Any CPU
	EndGlobalSection
	GlobalSection(ProjectConfigurationPlatforms) = postSolution
		{815F307F-0CA9-4154-B692-E607FBDDA5B5}.Debug|Any CPU.ActiveCfg = Debug|Any CPU
		{815F307F-0CA9-4154-B692-E607FBDDA5B5}.Debug|Any CPU.Build.0 = Debug|Any CPU
		{815F307F-0CA9-4154-B692-E607FBDDA5B5}.Release|Any CPU.ActiveCfg = Release|Any CPU
		{815F307F-0CA9-4154-B692-E607FBDDA5B5}.Release|Any CPU.Build.0 = Release|Any CPU
	EndGlobalSection
	GlobalSection(SolutionProperties) = preSolution
		HideSolutionNode = FALSE
	EndGlobalSection
	GlobalSection(ExtensibilityGlobals) = postSolution
		SolutionGuid = {99748564-4153-4CE2-9A1B-121C1B9F354C}
	EndGlobalSection
EndGlobal
